# THIS IS AN AUTOGENERATED FILE. DO NOT EDIT THIS FILE DIRECTLY.
# yarn lockfile v1


"@types/esrever@^0.2.0":
  version "0.2.0"
  resolved "https://registry.yarnpkg.com/@types/esrever/-/esrever-0.2.0.tgz#96404a2284b2c7527f08a1e957f8a31705f9880f"

esrever@^0.2.0:
  version "0.2.0"
  resolved "https://registry.yarnpkg.com/esrever/-/esrever-0.2.0.tgz#96e9d28f4f1b1a76784cd5d490eaae010e7407b8"

immer@^5.0.0:
  version "5.3.6"
  resolved "https://registry.yarnpkg.com/immer/-/immer-5.3.6.tgz#51eab8cbbeb13075fe2244250f221598818cac04"

is-plain-object@^3.0.0:
  version "3.0.0"
  resolved "https://registry.yarnpkg.com/is-plain-object/-/is-plain-object-3.0.0.tgz#47bfc5da1b5d50d64110806c199359482e75a928"
  dependencies:
    isobject "^4.0.0"

isobject@^4.0.0:
  version "4.0.0"
  resolved "https://registry.yarnpkg.com/isobject/-/isobject-4.0.0.tgz#3f1c9155e73b192022a80819bacd0343711697b0"

slate@^0.57.1:
  version "0.57.1"
  resolved "https://registry.yarnpkg.com/slate/-/slate-0.57.1.tgz#dc99d9a77840894c9e3d3bc1185b67ee36c17686"
  dependencies:
    "@types/esrever" "^0.2.0"
    esrever "^0.2.0"
    immer "^5.0.0"
    is-plain-object "^3.0.0"
    tiny-warning "^1.0.3"

tiny-warning@^1.0.3:
  version "1.0.3"
  resolved "https://registry.yarnpkg.com/tiny-warning/-/tiny-warning-1.0.3.tgz#94a30db453df4c643d0fd566060d60a875d84754"
